// !$*UTF8*$!
{
	archiveVersion = 1;
	classes = {
	};
	objectVersion = 46;
	objects = {

/* Begin PBXBuildFile section */
		E8A081F81BDB702D0024EC90 /* main.m in Sources */ = {isa = PBXBuildFile; fileRef = E8A081F71BDB702D0024EC90 /* main.m */; };
		E8A081FB1BDB702D0024EC90 /* AppDelegate.m in Sources */ = {isa = PBXBuildFile; fileRef = E8A081FA1BDB702D0024EC90 /* AppDelegate.m */; };
		E8A081FE1BDB702D0024EC90 /* ViewController.m in Sources */ = {isa = PBXBuildFile; fileRef = E8A081FD1BDB702D0024EC90 /* ViewController.m */; };
		E8A082011BDB702D0024EC90 /* Main.storyboard in Resources */ = {isa = PBXBuildFile; fileRef = E8A081FF1BDB702D0024EC90 /* Main.storyboard */; };
		E8A082031BDB702D0024EC90 /* Assets.xcassets in Resources */ = {isa = PBXBuildFile; fileRef = E8A082021BDB702D0024EC90 /* Assets.xcassets */; };
		E8A082061BDB702D0024EC90 /* LaunchScreen.storyboard in Resources */ = {isa = PBXBuildFile; fileRef = E8A082041BDB702D0024EC90 /* LaunchScreen.storyboard */; };
		E8A082111BDB702D0024EC90 /* HFImageBrowserDemoTests.m in Sources */ = {isa = PBXBuildFile; fileRef = E8A082101BDB702D0024EC90 /* HFImageBrowserDemoTests.m */; };
		E8A0821C1BDB702D0024EC90 /* HFImageBrowserDemoUITests.m in Sources */ = {isa = PBXBuildFile; fileRef = E8A0821B1BDB702D0024EC90 /* HFImageBrowserDemoUITests.m */; };
/* End PBXBuildFile section */

/* Begin PBXContainerItemProxy section */
		E8A0820D1BDB702D0024EC90 /* PBXContainerItemProxy */ = {
			isa = PBXContainerItemProxy;
			containerPortal = E8A081EB1BDB702D0024EC90 /* Project object */;
			proxyType = 1;
			remoteGlobalIDString = E8A081F21BDB702D0024EC90;
			remoteInfo = HFImageBrowserDemo;
		};
		E8A082181BDB702D0024EC90 /* PBXContainerItemProxy */ = {
			isa = PBXContainerItemProxy;
			containerPortal = E8A081EB1BDB702D0024EC90 /* Project object */;
			proxyType = 1;
			remoteGlobalIDString = E8A081F21BDB702D0024EC90;
			remoteInfo = HFImageBrowserDemo;
		};
/* End PBXContainerItemProxy section */

/* Begin PBXFileReference section */
		E8A081F31BDB702D0024EC90 /* HFImageBrowserDemo.app */ = {isa = PBXFileReference; explicitFileType = wrapper.application; includeInIndex = 0; path = HFImageBrowserDemo.app; sourceTree = BUILT_PRODUCTS_DIR; };
		E8A081F71BDB702D0024EC90 /* main.m */ = {isa = PBXFileReference; lastKnownFileType = sourcecode.c.objc; path = main.m; sourceTree = "<group>"; };
		E8A081F91BDB702D0024EC90 /* AppDelegate.h */ = {isa = PBXFileReference; lastKnownFileType = sourcecode.c.h; path = AppDelegate.h; sourceTree = "<group>"; };
		E8A081FA1BDB702D0024EC90 /* AppDelegate.m */ = {isa = PBXFileReference; lastKnownFileType = sourcecode.c.objc; path = AppDelegate.m; sourceTree = "<group>"; };
		E8A081FC1BDB702D0024EC90 /* ViewController.h */ = {isa = PBXFileReference; lastKnownFileType = sourcecode.c.h; path = ViewController.h; sourceTree = "<group>"; };
		E8A081FD1BDB702D0024EC90 /* ViewController.m */ = {isa = PBXFileReference; lastKnownFileType = sourcecode.c.objc; path = ViewController.m; sourceTree = "<group>"; };
		E8A082001BDB702D0024EC90 /* Base */ = {isa = PBXFileReference; lastKnownFileType = file.storyboard; name = Base; path = Base.lproj/Main.storyboard; sourceTree = "<group>"; };
		E8A082021BDB702D0024EC90 /* Assets.xcassets */ = {isa = PBXFileReference; lastKnownFileType = folder.assetcatalog; path = Assets.xcassets; sourceTree = "<group>"; };
		E8A082051BDB702D0024EC90 /* Base */ = {isa = PBXFileReference; lastKnownFileType = file.storyboard; name = Base; path = Base.lproj/LaunchScreen.storyboard; sourceTree = "<group>"; };
		E8A082071BDB702D0024EC90 /* Info.plist */ = {isa = PBXFileReference; lastKnownFileType = text.plist.xml; path = Info.plist; sourceTree = "<group>"; };
		E8A0820C1BDB702D0024EC90 /* HFImageBrowserDemoTests.xctest */ = {isa = PBXFileReference; explicitFileType = wrapper.cfbundle; includeInIndex = 0; path = HFImageBrowserDemoTests.xctest; sourceTree = BUILT_PRODUCTS_DIR; };
		E8A082101BDB702D0024EC90 /* HFImageBrowserDemoTests.m */ = {isa = PBXFileReference; lastKnownFileType = sourcecode.c.objc; path = HFImageBrowserDemoTests.m; sourceTree = "<group>"; };
		E8A082121BDB702D0024EC90 /* Info.plist */ = {isa = PBXFileReference; lastKnownFileType = text.plist.xml; path = Info.plist; sourceTree = "<group>"; };
		E8A082171BDB702D0024EC90 /* HFImageBrowserDemoUITests.xctest */ = {isa = PBXFileReference; explicitFileType = wrapper.cfbundle; includeInIndex = 0; path = HFImageBrowserDemoUITests.xctest; sourceTree = BUILT_PRODUCTS_DIR; };
		E8A0821B1BDB702D0024EC90 /* HFImageBrowserDemoUITests.m */ = {isa = PBXFileReference; lastKnownFileType = sourcecode.c.objc; path = HFImageBrowserDemoUITests.m; sourceTree = "<group>"; };
		E8A0821D1BDB702D0024EC90 /* Info.plist */ = {isa = PBXFileReference; lastKnownFileType = text.plist.xml; path = Info.plist; sourceTree = "<group>"; };
/* End PBXFileReference section */

/* Begin PBXFrameworksBuildPhase section */
		E8A081F01BDB702D0024EC90 /* Frameworks */ = {
			isa = PBXFrameworksBuildPhase;
			buildActionMask = 2147483647;
			files = (
			);
			runOnlyForDeploymentPostprocessing = 0;
		};
		E8A082091BDB702D0024EC90 /* Frameworks */ = {
			isa = PBXFrameworksBuildPhase;
			buildActionMask = 2147483647;
			files = (
			);
			runOnlyForDeploymentPostprocessing = 0;
		};
		E8A082141BDB702D0024EC90 /* Frameworks */ = {
			isa = PBXFrameworksBuildPhase;
			buildActionMask = 2147483647;
			files = (
			);
			runOnlyForDeploymentPostprocessing = 0;
		};
/* End PBXFrameworksBuildPhase section */

/* Begin PBXGroup section */
		E8A081EA1BDB702D0024EC90 = {
			isa = PBXGroup;
			children = (
				E8A081F51BDB702D0024EC90 /* HFImageBrowserDemo */,
				E8A0820F1BDB702D0024EC90 /* HFImageBrowserDemoTests */,
				E8A0821A1BDB702D0024EC90 /* HFImageBrowserDemoUITests */,
				E8A081F41BDB702D0024EC90 /* Products */,
			);
			sourceTree = "<group>";
		};
		E8A081F41BDB702D0024EC90 /* Products */ = {
			isa = PBXGroup;
			children = (
				E8A081F31BDB702D0024EC90 /* HFImageBrowserDemo.app */,
				E8A0820C1BDB702D0024EC90 /* HFImageBrowserDemoTests.xctest */,
				E8A082171BDB702D0024EC90 /* HFImageBrowserDemoUITests.xctest */,
			);
			name = Products;
			sourceTree = "<group>";
		};
		E8A081F51BDB702D0024EC90 /* HFImageBrowserDemo */ = {
			isa = PBXGroup;
			children = (
				E8A081F91BDB702D0024EC90 /* AppDelegate.h */,
				E8A081FA1BDB702D0024EC90 /* AppDelegate.m */,
				E8A081FC1BDB702D0024EC90 /* ViewController.h */,
				E8A081FD1BDB702D0024EC90 /* ViewController.m */,
				E8A081FF1BDB702D0024EC90 /* Main.storyboard */,
				E8A082021BDB702D0024EC90 /* Assets.xcassets */,
				E8A082041BDB702D0024EC90 /* LaunchScreen.storyboard */,
				E8A082071BDB702D0024EC90 /* Info.plist */,
				E8A081F61BDB702D0024EC90 /* Supporting Files */,
			);
			path = HFImageBrowserDemo;
			sourceTree = "<group>";
		};
		E8A081F61BDB702D0024EC90 /* Supporting Files */ = {
			isa = PBXGroup;
			children = (
				E8A081F71BDB702D0024EC90 /* main.m */,
			);
			name = "Supporting Files";
			sourceTree = "<group>";
		};
		E8A0820F1BDB702D0024EC90 /* HFImageBrowserDemoTests */ = {
			isa = PBXGroup;
			children = (
				E8A082101BDB702D0024EC90 /* HFImageBrowserDemoTests.m */,
				E8A082121BDB702D0024EC90 /* Info.plist */,
			);
			path = HFImageBrowserDemoTests;
			sourceTree = "<group>";
		};
		E8A0821A1BDB702D0024EC90 /* HFImageBrowserDemoUITests */ = {
			isa = PBXGroup;
			children = (
				E8A0821B1BDB702D0024EC90 /* HFImageBrowserDemoUITests.m */,
				E8A0821D1BDB702D0024EC90 /* Info.plist */,
			);
			path = HFImageBrowserDemoUITests;
			sourceTree = "<group>";
		};
/* End PBXGroup section */

/* Begin PBXNativeTarget section */
		E8A081F21BDB702D0024EC90 /* HFImageBrowserDemo */ = {
			isa = PBXNativeTarget;
			buildConfigurationList = E8A082201BDB702D0024EC90 /* Build configuration list for PBXNativeTarget "HFImageBrowserDemo" */;
			buildPhases = (
				E8A081EF1BDB702D0024EC90 /* Sources */,
				E8A081F01BDB702D0024EC90 /* Frameworks */,
				E8A081F11BDB702D0024EC90 /* Resources */,
			);
			buildRules = (
			);
			dependencies = (
			);
			name = HFImageBrowserDemo;
			productName = HFImageBrowserDemo;
			productReference = E8A081F31BDB702D0024EC90 /* HFImageBrowserDemo.app */;
			productType = "com.apple.product-type.application";
		};
		E8A0820B1BDB702D0024EC90 /* HFImageBrowserDemoTests */ = {
			isa = PBXNativeTarget;
			buildConfigurationList = E8A082231BDB702D0024EC90 /* Build configuration list for PBXNativeTarget "HFImageBrowserDemoTests" */;
			buildPhases = (
				E8A082081BDB702D0024EC90 /* Sources */,
				E8A082091BDB702D0024EC90 /* Frameworks */,
				E8A0820A1BDB702D0024EC90 /* Resources */,
			);
			buildRules = (
			);
			dependencies = (
				E8A0820E1BDB702D0024EC90 /* PBXTargetDependency */,
			);
			name = HFImageBrowserDemoTests;
			productName = HFImageBrowserDemoTests;
			productReference = E8A0820C1BDB702D0024EC90 /* HFImageBrowserDemoTests.xctest */;
			productType = "com.apple.product-type.bundle.unit-test";
		};
		E8A082161BDB702D0024EC90 /* HFImageBrowserDemoUITests */ = {
			isa = PBXNativeTarget;
			buildConfigurationList = E8A082261BDB702D0024EC90 /* Build configuration list for PBXNativeTarget "HFImageBrowserDemoUITests" */;
			buildPhases = (
				E8A082131BDB702D0024EC90 /* Sources */,
				E8A082141BDB702D0024EC90 /* Frameworks */,
				E8A082151BDB702D0024EC90 /* Resources */,
			);
			buildRules = (
			);
			dependencies = (
				E8A082191BDB702D0024EC90 /* PBXTargetDependency */,
			);
			name = HFImageBrowserDemoUITests;
			productName = HFImageBrowserDemoUITests;
			productReference = E8A082171BDB702D0024EC90 /* HFImageBrowserDemoUITests.xctest */;
			productType = "com.apple.product-type.bundle.ui-testing";
		};
/* End PBXNativeTarget section */

/* Begin PBXProject section */
		E8A081EB1BDB702D0024EC90 /* Project object */ = {
			isa = PBXProject;
			attributes = {
				LastUpgradeCheck = 0700;
				ORGANIZATIONNAME = liuguangde;
				TargetAttributes = {
					E8A081F21BDB702D0024EC90 = {
						CreatedOnToolsVersion = 7.0.1;
					};
					E8A0820B1BDB702D0024EC90 = {
						CreatedOnToolsVersion = 7.0.1;
						TestTargetID = E8A081F21BDB702D0024EC90;
					};
					E8A082161BDB702D0024EC90 = {
						CreatedOnToolsVersion = 7.0.1;
						TestTargetID = E8A081F21BDB702D0024EC90;
					};
				};
			};
			buildConfigurationList = E8A081EE1BDB702D0024EC90 /* Build configuration list for PBXProject "HFImageBrowserDemo" */;
			compatibilityVersion = "Xcode 3.2";
			developmentRegion = English;
			hasScannedForEncodings = 0;
			knownRegions = (
				en,
				Base,
			);
			mainGroup = E8A081EA1BDB702D0024EC90;
			productRefGroup = E8A081F41BDB702D0024EC90 /* Products */;
			projectDirPath = "";
			projectRoot = "";
			targets = (
				E8A081F21BDB702D0024EC90 /* HFImageBrowserDemo */,
				E8A0820B1BDB702D0024EC90 /* HFImageBrowserDemoTests */,
				E8A082161BDB702D0024EC90 /* HFImageBrowserDemoUITests */,
			);
		};
/* End PBXProject section */

/* Begin PBXResourcesBuildPhase section */
		E8A081F11BDB702D0024EC90 /* Resources */ = {
			isa = PBXResourcesBuildPhase;
			buildActionMask = 2147483647;
			files = (
				E8A082061BDB702D0024EC90 /* LaunchScreen.storyboard in Resources */,
				E8A082031BDB702D0024EC90 /* Assets.xcassets in Resources */,
				E8A082011BDB702D0024EC90 /* Main.storyboard in Resources */,
			);
			runOnlyForDeploymentPostprocessing = 0;
		};
		E8A0820A1BDB702D0024EC90 /* Resources */ = {
			isa = PBXResourcesBuildPhase;
			buildActionMask = 2147483647;
			files = (
			);
			runOnlyForDeploymentPostprocessing = 0;
		};
		E8A082151BDB702D0024EC90 /* Resources */ = {
			isa = PBXResourcesBuildPhase;
			buildActionMask = 2147483647;
			files = (
			);
			runOnlyForDeploymentPostprocessing = 0;
		};
/* End PBXResourcesBuildPhase section */

/* Begin PBXSourcesBuildPhase section */
		E8A081EF1BDB702D0024EC90 /* Sources */ = {
			isa = PBXSourcesBuildPhase;
			buildActionMask = 2147483647;
			files = (
				E8A081FE1BDB702D0024EC90 /* ViewController.m in Sources */,
				E8A081FB1BDB702D0024EC90 /* AppDelegate.m in Sources */,
				E8A081F81BDB702D0024EC90 /* main.m in Sources */,
			);
			runOnlyForDeploymentPostprocessing = 0;
		};
		E8A082081BDB702D0024EC90 /* Sources */ = {
			isa = PBXSourcesBuildPhase;
			buildActionMask = 2147483647;
			files = (
				E8A082111BDB702D0024EC90 /* HFImageBrowserDemoTests.m in Sources */,
			);
			runOnlyForDeploymentPostprocessing = 0;
		};
		E8A082131BDB702D0024EC90 /* Sources */ = {
			isa = PBXSourcesBuildPhase;
			buildActionMask = 2147483647;
			files = (
				E8A0821C1BDB702D0024EC90 /* HFImageBrowserDemoUITests.m in Sources */,
			);
			runOnlyForDeploymentPostprocessing = 0;
		};
/* End PBXSourcesBuildPhase section */

/* Begin PBXTargetDependency section */
		E8A0820E1BDB702D0024EC90 /* PBXTargetDependency */ = {
			isa = PBXTargetDependency;
			target = E8A081F21BDB702D0024EC90 /* HFImageBrowserDemo */;
			targetProxy = E8A0820D1BDB702D0024EC90 /* PBXContainerItemProxy */;
		};
		E8A082191BDB702D0024EC90 /* PBXTargetDependency */ = {
			isa = PBXTargetDependency;
			target = E8A081F21BDB702D0024EC90 /* HFImageBrowserDemo */;
			targetProxy = E8A082181BDB702D0024EC90 /* PBXContainerItemProxy */;
		};
/* End PBXTargetDependency section */

/* Begin PBXVariantGroup section */
		E8A081FF1BDB702D0024EC90 /* Main.storyboard */ = {
			isa = PBXVariantGroup;
			children = (
				E8A082001BDB702D0024EC90 /* Base */,
			);
			name = Main.storyboard;
			sourceTree = "<group>";
		};
		E8A082041BDB702D0024EC90 /* LaunchScreen.storyboard */ = {
			isa = PBXVariantGroup;
			children = (
				E8A082051BDB702D0024EC90 /* Base */,
			);
			name = LaunchScreen.storyboard;
			sourceTree = "<group>";
		};
/* End PBXVariantGroup section */

/* Begin XCBuildConfiguration section */
		E8A0821E1BDB702D0024EC90 /* Debug */ = {
			isa = XCBuildConfiguration;
			buildSettings = {
				ALWAYS_SEARCH_USER_PATHS = NO;
				CLANG_CXX_LANGUAGE_STANDARD = "gnu++0x";
				CLANG_CXX_LIBRARY = "libc++";
				CLANG_ENABLE_MODULES = YES;
				CLANG_ENABLE_OBJC_ARC = YES;
				CLANG_WARN_BOOL_CONVERSION = YES;
				CLANG_WARN_CONSTANT_CONVERSION = YES;
				CLANG_WARN_DIRECT_OBJC_ISA_USAGE = YES_ERROR;
				CLANG_WARN_EMPTY_BODY = YES;
				CLANG_WARN_ENUM_CONVERSION = YES;
				CLANG_WARN_INT_CONVERSION = YES;
				CLANG_WARN_OBJC_ROOT_CLASS = YES_ERROR;
				CLANG_WARN_UNREACHABLE_CODE = YES;
				CLANG_WARN__DUPLICATE_METHOD_MATCH = YES;
				"CODE_SIGN_IDENTITY[sdk=iphoneos*]" = "iPhone Developer";
				COPY_PHASE_STRIP = NO;
				DEBUG_INFORMATION_FORMAT = dwarf;
				ENABLE_STRICT_OBJC_MSGSEND = YES;
				ENABLE_TESTABILITY = YES;
				GCC_C_LANGUAGE_STANDARD = gnu99;
				GCC_DYNAMIC_NO_PIC = NO;
				GCC_NO_COMMON_BLOCKS = YES;
				GCC_OPTIMIZATION_LEVEL = 0;
				GCC_PREPROCESSOR_DEFINITIONS = (
					"DEBUG=1",
					"$(inherited)",
				);
				GCC_WARN_64_TO_32_BIT_CONVERSION = YES;
				GCC_WARN_ABOUT_RETURN_TYPE = YES_ERROR;
				GCC_WARN_UNDECLARED_SELECTOR = YES;
				GCC_WARN_UNINITIALIZED_AUTOS = YES_AGGRESSIVE;
				GCC_WARN_UNUSED_FUNCTION = YES;
				GCC_WARN_UNUSED_VARIABLE = YES;
				IPHONEOS_DEPLOYMENT_TARGET = 9.0;
				MTL_ENABLE_DEBUG_INFO = YES;
				ONLY_ACTIVE_ARCH = YES;
				SDKROOT = iphoneos;
				TARGETED_DEVICE_FAMILY = "1,2";
			};
			name = Debug;
		};
		E8A0821F1BDB702D0024EC90 /* Release */ = {
			isa = XCBuildConfiguration;
			buildSettings = {
				ALWAYS_SEARCH_USER_PATHS = NO;
				CLANG_CXX_LANGUAGE_STANDARD = "gnu++0x";
				CLANG_CXX_LIBRARY = "libc++";
				CLANG_ENABLE_MODULES = YES;
				CLANG_ENABLE_OBJC_ARC = YES;
				CLANG_WARN_BOOL_CONVERSION = YES;
				CLANG_WARN_CONSTANT_CONVERSION = YES;
				CLANG_WARN_DIRECT_OBJC_ISA_USAGE = YES_ERROR;
				CLANG_WARN_EMPTY_BODY = YES;
				CLANG_WARN_ENUM_CONVERSION = YES;
				CLANG_WARN_INT_CONVERSION = YES;
				CLANG_WARN_OBJC_ROOT_CLASS = YES_ERROR;
				CLANG_WARN_UNREACHABLE_CODE = YES;
				CLANG_WARN__DUPLICATE_METHOD_MATCH = YES;
				"CODE_SIGN_IDENTITY[sdk=iphoneos*]" = "iPhone Developer";
				COPY_PHASE_STRIP = NO;
				DEBUG_INFORMATION_FORMAT = "dwarf-with-dsym";
				ENABLE_NS_ASSERTIONS = NO;
				ENABLE_STRICT_OBJC_MSGSEND = YES;
				GCC_C_LANGUAGE_STANDARD = gnu99;
				GCC_NO_COMMON_BLOCKS = YES;
				GCC_WARN_64_TO_32_BIT_CONVERSION = YES;
				GCC_WARN_ABOUT_RETURN_TYPE = YES_ERROR;
				GCC_WARN_UNDECLARED_SELECTOR = YES;
				GCC_WARN_UNINITIALIZED_AUTOS = YES_AGGRESSIVE;
				GCC_WARN_UNUSED_FUNCTION = YES;
				GCC_WARN_UNUSED_VARIABLE = YES;
				IPHONEOS_DEPLOYMENT_TARGET = 9.0;
				MTL_ENABLE_DEBUG_INFO = NO;
				SDKROOT = iphoneos;
				TARGETED_DEVICE_FAMILY = "1,2";
				VALIDATE_PRODUCT = YES;
			};
			name = Release;
		};
		E8A082211BDB702D0024EC90 /* Debug */ = {
			isa = XCBuildConfiguration;
			buildSettings = {
				ASSETCATALOG_COMPILER_APPICON_NAME = AppIcon;
				INFOPLIST_FILE = HFImageBrowserDemo/Info.plist;
				LD_RUNPATH_SEARCH_PATHS = "$(inherited) @executable_path/Frameworks";
				PRODUCT_BUNDLE_IDENTIFIER = com.huofar.HFImageBrowserDemo;
				PRODUCT_NAME = "$(TARGET_NAME)";
			};
			name = Debug;
		};
		E8A082221BDB702D0024EC90 /* Release */ = {
			isa = XCBuildConfiguration;
			buildSettings = {
				ASSETCATALOG_COMPILER_APPICON_NAME = AppIcon;
				INFOPLIST_FILE = HFImageBrowserDemo/Info.plist;
				LD_RUNPATH_SEARCH_PATHS = "$(inherited) @executable_path/Frameworks";
				PRODUCT_BUNDLE_IDENTIFIER = com.huofar.HFImageBrowserDemo;
				PRODUCT_NAME = "$(TARGET_NAME)";
			};
			name = Release;
		};
		E8A082241BDB702D0024EC90 /* Debug */ = {
			isa = XCBuildConfiguration;
			buildSettings = {
				BUNDLE_LOADER = "$(TEST_HOST)";
				INFOPLIST_FILE = HFImageBrowserDemoTests/Info.plist;
				LD_RUNPATH_SEARCH_PATHS = "$(inherited) @executable_path/Frameworks @loader_path/Frameworks";
				PRODUCT_BUNDLE_IDENTIFIER = com.huofar.HFImageBrowserDemoTests;
				PRODUCT_NAME = "$(TARGET_NAME)";
				TEST_HOST = "$(BUILT_PRODUCTS_DIR)/HFImageBrowserDemo.app/HFImageBrowserDemo";
			};
			name = Debug;
		};
		E8A082251BDB702D0024EC90 /* Release */ = {
			isa = XCBuildConfiguration;
			buildSettings = {
				BUNDLE_LOADER = "$(TEST_HOST)";
				INFOPLIST_FILE = HFImageBrowserDemoTests/Info.plist;
				LD_RUNPATH_SEARCH_PATHS = "$(inherited) @executable_path/Frameworks @loader_path/Frameworks";
				PRODUCT_BUNDLE_IDENTIFIER = com.huofar.HFImageBrowserDemoTests;
				PRODUCT_NAME = "$(TARGET_NAME)";
				TEST_HOST = "$(BUILT_PRODUCTS_DIR)/HFImageBrowserDemo.app/HFImageBrowserDemo";
			};
			name = Release;
		};
		E8A082271BDB702D0024EC90 /* Debug */ = {
			isa = XCBuildConfiguration;
			buildSettings = {
				INFOPLIST_FILE = HFImageBrowserDemoUITests/Info.plist;
				LD_RUNPATH_SEARCH_PATHS = "$(inherited) @executable_path/Frameworks @loader_path/Frameworks";
				PRODUCT_BUNDLE_IDENTIFIER = com.huofar.HFImageBrowserDemoUITests;
				PRODUCT_NAME = "$(TARGET_NAME)";
				TEST_TARGET_NAME = HFImageBrowserDemo;
				USES_XCTRUNNER = YES;
			};
			name = Debug;
		};
		E8A082281BDB702D0024EC90 /* Release */ = {
			isa = XCBuildConfiguration;
			buildSettings = {
				INFOPLIST_FILE = HFImageBrowserDemoUITests/Info.plist;
				LD_RUNPATH_SEARCH_PATHS = "$(inherited) @executable_path/Frameworks @loader_path/Frameworks";
				PRODUCT_BUNDLE_IDENTIFIER = com.huofar.HFImageBrowserDemoUITests;
				PRODUCT_NAME = "$(TARGET_NAME)";
				TEST_TARGET_NAME = HFImageBrowserDemo;
				USES_XCTRUNNER = YES;
			};
			name = Release;
		};
/* End XCBuildConfiguration section */

/* Begin XCConfigurationList section */
		E8A081EE1BDB702D0024EC90 /* Build configuration list for PBXProject "HFImageBrowserDemo" */ = {
			isa = XCConfigurationList;
			buildConfigurations = (
				E8A0821E1BDB702D0024EC90 /* Debug */,
				E8A0821F1BDB702D0024EC90 /* Release */,
			);
			defaultConfigurationIsVisible = 0;
			defaultConfigurationName = Release;
		};
		E8A082201BDB702D0024EC90 /* Build configuration list for PBXNativeTarget "HFImageBrowserDemo" */ = {
			isa = XCConfigurationList;
			buildConfigurations = (
				E8A082211BDB702D0024EC90 /* Debug */,
				E8A082221BDB702D0024EC90 /* Release */,
			);
			defaultConfigurationIsVisible = 0;
		};
		E8A082231BDB702D0024EC90 /* Build configuration list for PBXNativeTarget "HFImageBrowserDemoTests" */ = {
			isa = XCConfigurationList;
			buildConfigurations = (
				E8A082241BDB702D0024EC90 /* Debug */,
				E8A082251BDB702D0024EC90 /* Release */,
			);
			defaultConfigurationIsVisible = 0;
		};
		E8A082261BDB702D0024EC90 /* Build configuration list for PBXNativeTarget "HFImageBrowserDemoUITests" */ = {
			isa = XCConfigurationList;
			buildConfigurations = (
				E8A082271BDB702D0024EC90 /* Debug */,
				E8A082281BDB702D0024EC90 /* Release */,
			);
			defaultConfigurationIsVisible = 0;
		};
/* End XCConfigurationList section */
	};
	rootObject = E8A081EB1BDB702D0024EC90 /* Project object */;
}
